
Microsoft Visual Studio Solution File, Format Version 12.00
# Visual Studio Version 17
VisualStudioVersion = 17.3.32825.248
MinimumVisualStudioVersion = 10.0.40219.1
Project("{9A19103F-16F7-4668-BE54-9A1E7A4F7556}") = "labGRPCa", "grpc\labGRPCa.csproj", "{CBD999E8-C649-4F55-891E-607112985155}"
EndProject
Project("{E53339B2-1760-4266-BCC7-CA923CBCF16C}") = "docker-compose", "docker-compose.dcproj", "{339F4A47-976D-41E3-A339-F91D62B5CF1A}"
EndProject
Project("{FAE04EC0-301F-11D3-BF4B-00C04F79EFBC}") = "grpcClient", "grpcClient\grpcClient\grpcClient.csproj", "{B6197D1A-01B9-45CE-9D2D-8C3C46269893}"
EndProject
Global
	GlobalSection(SolutionConfigurationPlatforms) = preSolution
		Debug|Any CPU = Debug|Any CPU
		Release|Any CPU = Release|Any CPU
	EndGlobalSection
	GlobalSection(ProjectConfigurationPlatforms) = postSolution
		{CBD999E8-C649-4F55-891E-607112985155}.Debug|Any CPU.ActiveCfg = Debug|Any CPU
		{CBD999E8-C649-4F55-891E-607112985155}.Debug|Any CPU.Build.0 = Debug|Any CPU
		{CBD999E8-C649-4F55-891E-607112985155}.Release|Any CPU.ActiveCfg = Release|Any CPU
		{CBD999E8-C649-4F55-891E-607112985155}.Release|Any CPU.Build.0 = Release|Any CPU
		{339F4A47-976D-41E3-A339-F91D62B5CF1A}.Debug|Any CPU.ActiveCfg = Debug|Any CPU
		{339F4A47-976D-41E3-A339-F91D62B5CF1A}.Debug|Any CPU.Build.0 = Debug|Any CPU
		{339F4A47-976D-41E3-A339-F91D62B5CF1A}.Release|Any CPU.ActiveCfg = Release|Any CPU
		{339F4A47-976D-41E3-A339-F91D62B5CF1A}.Release|Any CPU.Build.0 = Release|Any CPU
		{B6197D1A-01B9-45CE-9D2D-8C3C46269893}.Debug|Any CPU.ActiveCfg = Debug|Any CPU
		{B6197D1A-01B9-45CE-9D2D-8C3C46269893}.Debug|Any CPU.Build.0 = Debug|Any CPU
		{B6197D1A-01B9-45CE-9D2D-8C3C46269893}.Release|Any CPU.ActiveCfg = Release|Any CPU
		{B6197D1A-01B9-45CE-9D2D-8C3C46269893}.Release|Any CPU.Build.0 = Release|Any CPU
	EndGlobalSection
	GlobalSection(SolutionProperties) = preSolution
		HideSolutionNode = FALSE
	EndGlobalSection
	GlobalSection(ExtensibilityGlobals) = postSolution
		SolutionGuid = {E98B9235-F5ED-47A1-A857-E084AF8619B5}
	EndGlobalSection
EndGlobal
